// !$*UTF8*$!
{
	archiveVersion = 1;
	classes = {
	};
	objectVersion = 46;
	objects = {

/* Begin PBXBuildFile section */
		4A022DF7173FEDF50098B317 /* UIKit.framework in Frameworks */ = {isa = PBXBuildFile; fileRef = 4A022DF6173FEDF50098B317 /* UIKit.framework */; };
		4A022DF9173FEDF50098B317 /* Foundation.framework in Frameworks */ = {isa = PBXBuildFile; fileRef = 4A022DF8173FEDF50098B317 /* Foundation.framework */; };
		4A022DFB173FEDF50098B317 /* CoreGraphics.framework in Frameworks */ = {isa = PBXBuildFile; fileRef = 4A022DFA173FEDF50098B317 /* CoreGraphics.framework */; };
		4A022E01173FEDF50098B317 /* InfoPlist.strings in Resources */ = {isa = PBXBuildFile; fileRef = 4A022DFF173FEDF50098B317 /* InfoPlist.strings */; };
		4A022E03173FEDF50098B317 /* main.m in Sources */ = {isa = PBXBuildFile; fileRef = 4A022E02173FEDF50098B317 /* main.m */; };
		4A022E07173FEDF60098B317 /* FBAppDelegate.m in Sources */ = {isa = PBXBuildFile; fileRef = 4A022E06173FEDF60098B317 /* FBAppDelegate.m */; };
		4A022E09173FEDF60098B317 /* Default.png in Resources */ = {isa = PBXBuildFile; fileRef = 4A022E08173FEDF60098B317 /* Default.png */; };
		4A022E0B173FEDF60098B317 /* Default@2x.png in Resources */ = {isa = PBXBuildFile; fileRef = 4A022E0A173FEDF60098B317 /* Default@2x.png */; };
		4A022E0D173FEDF60098B317 /* Default-568h@2x.png in Resources */ = {isa = PBXBuildFile; fileRef = 4A022E0C173FEDF60098B317 /* Default-568h@2x.png */; };
		4A022E10173FEDF60098B317 /* MainStoryboard.storyboard in Resources */ = {isa = PBXBuildFile; fileRef = 4A022E0E173FEDF60098B317 /* MainStoryboard.storyboard */; };
		4A022E371742C9F20098B317 /* Security.framework in Frameworks */ = {isa = PBXBuildFile; fileRef = 4A022E361742C9F20098B317 /* Security.framework */; };
		4A0C400917A0D16000D4C5E1 /* defaultThumbnail.png in Resources */ = {isa = PBXBuildFile; fileRef = 4A0C400817A0D15F00D4C5E1 /* defaultThumbnail.png */; };
		4A0C401F17A1346D00D4C5E1 /* Status.m in Sources */ = {isa = PBXBuildFile; fileRef = 4A0C401E17A1346D00D4C5E1 /* Status.m */; };
		4A0C402217A1346F00D4C5E1 /* Photo.m in Sources */ = {isa = PBXBuildFile; fileRef = 4A0C402117A1346E00D4C5E1 /* Photo.m */; };
		4A0C402517A1346F00D4C5E1 /* User.m in Sources */ = {isa = PBXBuildFile; fileRef = 4A0C402417A1346F00D4C5E1 /* User.m */; };
		4A0C402E17A154B700D4C5E1 /* UIApplication+NetworkActivity.m in Sources */ = {isa = PBXBuildFile; fileRef = 4A0C402D17A154B700D4C5E1 /* UIApplication+NetworkActivity.m */; };
		4A0C403117A1769400D4C5E1 /* UserListViewController.m in Sources */ = {isa = PBXBuildFile; fileRef = 4A0C403017A1769300D4C5E1 /* UserListViewController.m */; };
		4A0C403417A2733A00D4C5E1 /* PullRefreshTableViewController.m in Sources */ = {isa = PBXBuildFile; fileRef = 4A0C403317A2733900D4C5E1 /* PullRefreshTableViewController.m */; };
		4A0C403717A27C5600D4C5E1 /* UserListTVCell.m in Sources */ = {isa = PBXBuildFile; fileRef = 4A0C403617A27C5600D4C5E1 /* UserListTVCell.m */; };
		4A0C403917A2F83E00D4C5E1 /* accountProtect.png in Resources */ = {isa = PBXBuildFile; fileRef = 4A0C403817A2F83E00D4C5E1 /* accountProtect.png */; };
		4A0C403B17A3C5BD00D4C5E1 /* fanbaicon.png in Resources */ = {isa = PBXBuildFile; fileRef = 4A0C403A17A3C5BD00D4C5E1 /* fanbaicon.png */; };
		4A0C403E17A3D36E00D4C5E1 /* TweetComposeViewController.m in Sources */ = {isa = PBXBuildFile; fileRef = 4A0C403D17A3D36E00D4C5E1 /* TweetComposeViewController.m */; };
		4A0C404017A5773600D4C5E1 /* AudioToolbox.framework in Frameworks */ = {isa = PBXBuildFile; fileRef = 4A0C403F17A5773600D4C5E1 /* AudioToolbox.framework */; };
		4A0C404B17A58D1800D4C5E1 /* MessageUI.framework in Frameworks */ = {isa = PBXBuildFile; fileRef = 4A0C404A17A58D1800D4C5E1 /* MessageUI.framework */; };
		4A17CF81174A336B009B4C83 /* CFNetwork.framework in Frameworks */ = {isa = PBXBuildFile; fileRef = 4A17CF80174A336B009B4C83 /* CFNetwork.framework */; };
		4A17CF83174A3382009B4C83 /* SystemConfiguration.framework in Frameworks */ = {isa = PBXBuildFile; fileRef = 4A17CF82174A3382009B4C83 /* SystemConfiguration.framework */; };
		4A17CF85174A4CE1009B4C83 /* ImageIO.framework in Frameworks */ = {isa = PBXBuildFile; fileRef = 4A17CF84174A4CE1009B4C83 /* ImageIO.framework */; };
		4A17CF89174A4DAB009B4C83 /* RSOAuthEngine.m in Sources */ = {isa = PBXBuildFile; fileRef = 4A17CF88174A4DAB009B4C83 /* RSOAuthEngine.m */; };
		4A17CF8C174A4E75009B4C83 /* RSFanFouEngine.m in Sources */ = {isa = PBXBuildFile; fileRef = 4A17CF8B174A4E75009B4C83 /* RSFanFouEngine.m */; };
		4A17CF94174A7E66009B4C83 /* WebViewController.m in Sources */ = {isa = PBXBuildFile; fileRef = 4A17CF93174A7E66009B4C83 /* WebViewController.m */; };
		4A17CF9A174B4B21009B4C83 /* CoreDataTableViewController.m in Sources */ = {isa = PBXBuildFile; fileRef = 4A17CF99174B4B1F009B4C83 /* CoreDataTableViewController.m */; };
		4A17CF9D174B5011009B4C83 /* FanfouDataModel.xcdatamodeld in Sources */ = {isa = PBXBuildFile; fileRef = 4A17CF9B174B5011009B4C83 /* FanfouDataModel.xcdatamodeld */; };
		4A17CFB4174B8951009B4C83 /* CoreData.framework in Frameworks */ = {isa = PBXBuildFile; fileRef = 4A17CFB3174B8950009B4C83 /* CoreData.framework */; };
		4A17CFB7174B89E4009B4C83 /* FBCoreData.m in Sources */ = {isa = PBXBuildFile; fileRef = 4A17CFB6174B89E4009B4C83 /* FBCoreData.m */; };
		4A17CFBA174BB448009B4C83 /* Status+Create.m in Sources */ = {isa = PBXBuildFile; fileRef = 4A17CFB9174BB447009B4C83 /* Status+Create.m */; };
		4A17CFBD174CC0A4009B4C83 /* User+Created.m in Sources */ = {isa = PBXBuildFile; fileRef = 4A17CFBC174CC0A3009B4C83 /* User+Created.m */; };
		4A17CFC0174CC0B8009B4C83 /* Photo+Created.m in Sources */ = {isa = PBXBuildFile; fileRef = 4A17CFBF174CC0B7009B4C83 /* Photo+Created.m */; };
		4A74083D17AD01260061806F /* cameraImage.png in Resources */ = {isa = PBXBuildFile; fileRef = 4A74083C17AD01260061806F /* cameraImage.png */; };
		4A77107A177D899F00E21D13 /* CoreText.framework in Frameworks */ = {isa = PBXBuildFile; fileRef = 4A771079177D899F00E21D13 /* CoreText.framework */; };
		4A77107E177D89D300E21D13 /* TTTAttributedLabel.m in Sources */ = {isa = PBXBuildFile; fileRef = 4A77107D177D89D300E21D13 /* TTTAttributedLabel.m */; };
		4A771081177D8AAA00E21D13 /* AttributedTVCell.m in Sources */ = {isa = PBXBuildFile; fileRef = 4A771080177D8AAA00E21D13 /* AttributedTVCell.m */; };
		4A7710841780344400E21D13 /* TTTQuadrantControl.m in Sources */ = {isa = PBXBuildFile; fileRef = 4A7710821780344300E21D13 /* TTTQuadrantControl.m */; };
		4A7710871780349900E21D13 /* UserProfileViewController.m in Sources */ = {isa = PBXBuildFile; fileRef = 4A7710861780349900E21D13 /* UserProfileViewController.m */; };
		4AAE8FB3174E9EF200018D2E /* DemoViewCDTVC.m in Sources */ = {isa = PBXBuildFile; fileRef = 4AAE8FB2174E9EF100018D2E /* DemoViewCDTVC.m */; };
		4AAE8FBB17509A1B00018D2E /* FBLoginViewController.m in Sources */ = {isa = PBXBuildFile; fileRef = 4AAE8FBA17509A1B00018D2E /* FBLoginViewController.m */; };
		4AB0D8D417545730004FC18D /* FBAccountViewController.m in Sources */ = {isa = PBXBuildFile; fileRef = 4AB0D8D317545730004FC18D /* FBAccountViewController.m */; };
		4AB0D90C1754BFBA004FC18D /* QuartzCore.framework in Frameworks */ = {isa = PBXBuildFile; fileRef = 4AB0D90B1754BFBA004FC18D /* QuartzCore.framework */; };
		4AB0D90F175882AA004FC18D /* UsersWithStatusCountCDTVC.m in Sources */ = {isa = PBXBuildFile; fileRef = 4AB0D90E175882AA004FC18D /* UsersWithStatusCountCDTVC.m */; };
		4AB0D9121758A6DB004FC18D /* UserWithStatusCountTVCell.m in Sources */ = {isa = PBXBuildFile; fileRef = 4AB0D9111758A6DB004FC18D /* UserWithStatusCountTVCell.m */; };
		4AB0D915175DE476004FC18D /* UserStatusesCDTVC.m in Sources */ = {isa = PBXBuildFile; fileRef = 4AB0D914175DE475004FC18D /* UserStatusesCDTVC.m */; };
		4AB0D921175DEC4F004FC18D /* StatusTVCell.m in Sources */ = {isa = PBXBuildFile; fileRef = 4AB0D920175DEC4F004FC18D /* StatusTVCell.m */; };
		4ABDA79A17757DA700E3FF3B /* text-list.png in Resources */ = {isa = PBXBuildFile; fileRef = 4ABDA79917757DA700E3FF3B /* text-list.png */; };
		4ABDA79E1775842800E3FF3B /* message.png in Resources */ = {isa = PBXBuildFile; fileRef = 4ABDA79D1775842800E3FF3B /* message.png */; };
		4ABDA7A1177586E700E3FF3B /* PublicTimeLineViewController.m in Sources */ = {isa = PBXBuildFile; fileRef = 4ABDA7A0177586E700E3FF3B /* PublicTimeLineViewController.m */; };
		4ABDA7A51775DC0200E3FF3B /* message@2x.png in Resources */ = {isa = PBXBuildFile; fileRef = 4ABDA7A41775DC0200E3FF3B /* message@2x.png */; };
		4ABE8E1417A9988A00B866F3 /* HomeLineTVCell.m in Sources */ = {isa = PBXBuildFile; fileRef = 4ABE8E1317A9988A00B866F3 /* HomeLineTVCell.m */; };
		4ABE8E1617A99D8A00B866F3 /* timeline.png in Resources */ = {isa = PBXBuildFile; fileRef = 4ABE8E1517A99D8A00B866F3 /* timeline.png */; };
		4ABE8E1817A99D9100B866F3 /* timeline@2x.png in Resources */ = {isa = PBXBuildFile; fileRef = 4ABE8E1717A99D9100B866F3 /* timeline@2x.png */; };
		4ACB3F37174CE60600809702 /* HomeLineCDTV.m in Sources */ = {isa = PBXBuildFile; fileRef = 4ACB3F36174CE60600809702 /* HomeLineCDTV.m */; };
		CDA4877006A3441CB7B25818 /* libPods.a in Frameworks */ = {isa = PBXBuildFile; fileRef = 0BD1DA44B39E4507B440BB2C /* libPods.a */; };
/* End PBXBuildFile section */

/* Begin PBXFileReference section */
		0BD1DA44B39E4507B440BB2C /* libPods.a */ = {isa = PBXFileReference; explicitFileType = archive.ar; includeInIndex = 0; path = libPods.a; sourceTree = BUILT_PRODUCTS_DIR; };
		4A022DF3173FEDF50098B317 /* FanBa.app */ = {isa = PBXFileReference; explicitFileType = wrapper.application; includeInIndex = 0; path = FanBa.app; sourceTree = BUILT_PRODUCTS_DIR; };
		4A022DF6173FEDF50098B317 /* UIKit.framework */ = {isa = PBXFileReference; lastKnownFileType = wrapper.framework; name = UIKit.framework; path = System/Library/Frameworks/UIKit.framework; sourceTree = SDKROOT; };
		4A022DF8173FEDF50098B317 /* Foundation.framework */ = {isa = PBXFileReference; lastKnownFileType = wrapper.framework; name = Foundation.framework; path = System/Library/Frameworks/Foundation.framework; sourceTree = SDKROOT; };
		4A022DFA173FEDF50098B317 /* CoreGraphics.framework */ = {isa = PBXFileReference; lastKnownFileType = wrapper.framework; name = CoreGraphics.framework; path = System/Library/Frameworks/CoreGraphics.framework; sourceTree = SDKROOT; };
		4A022DFE173FEDF50098B317 /* FanBa-Info.plist */ = {isa = PBXFileReference; lastKnownFileType = text.plist.xml; path = "FanBa-Info.plist"; sourceTree = "<group>"; };
		4A022E00173FEDF50098B317 /* en */ = {isa = PBXFileReference; lastKnownFileType = text.plist.strings; name = en; path = en.lproj/InfoPlist.strings; sourceTree = "<group>"; };
		4A022E02173FEDF50098B317 /* main.m */ = {isa = PBXFileReference; lastKnownFileType = sourcecode.c.objc; path = main.m; sourceTree = "<group>"; };
		4A022E04173FEDF50098B317 /* FanBa-Prefix.pch */ = {isa = PBXFileReference; lastKnownFileType = sourcecode.c.h; path = "FanBa-Prefix.pch"; sourceTree = "<group>"; };
		4A022E05173FEDF50098B317 /* FBAppDelegate.h */ = {isa = PBXFileReference; lastKnownFileType = sourcecode.c.h; path = FBAppDelegate.h; sourceTree = "<group>"; };
		4A022E06173FEDF60098B317 /* FBAppDelegate.m */ = {isa = PBXFileReference; lastKnownFileType = sourcecode.c.objc; path = FBAppDelegate.m; sourceTree = "<group>"; };
		4A022E08173FEDF60098B317 /* Default.png */ = {isa = PBXFileReference; lastKnownFileType = image.png; path = Default.png; sourceTree = "<group>"; };
		4A022E0A173FEDF60098B317 /* Default@2x.png */ = {isa = PBXFileReference; lastKnownFileType = image.png; path = "Default@2x.png"; sourceTree = "<group>"; };
		4A022E0C173FEDF60098B317 /* Default-568h@2x.png */ = {isa = PBXFileReference; lastKnownFileType = image.png; path = "Default-568h@2x.png"; sourceTree = "<group>"; };
		4A022E0F173FEDF60098B317 /* en */ = {isa = PBXFileReference; lastKnownFileType = file.storyboard; name = en; path = en.lproj/MainStoryboard.storyboard; sourceTree = "<group>"; };
		4A022E361742C9F20098B317 /* Security.framework */ = {isa = PBXFileReference; lastKnownFileType = wrapper.framework; name = Security.framework; path = System/Library/Frameworks/Security.framework; sourceTree = SDKROOT; };
		4A0C400817A0D15F00D4C5E1 /* defaultThumbnail.png */ = {isa = PBXFileReference; lastKnownFileType = image.png; path = defaultThumbnail.png; sourceTree = "<group>"; };
		4A0C401D17A1346D00D4C5E1 /* Status.h */ = {isa = PBXFileReference; fileEncoding = 4; lastKnownFileType = sourcecode.c.h; path = Status.h; sourceTree = "<group>"; };
		4A0C401E17A1346D00D4C5E1 /* Status.m */ = {isa = PBXFileReference; fileEncoding = 4; lastKnownFileType = sourcecode.c.objc; path = Status.m; sourceTree = "<group>"; };
		4A0C402017A1346E00D4C5E1 /* Photo.h */ = {isa = PBXFileReference; fileEncoding = 4; lastKnownFileType = sourcecode.c.h; path = Photo.h; sourceTree = "<group>"; };
		4A0C402117A1346E00D4C5E1 /* Photo.m */ = {isa = PBXFileReference; fileEncoding = 4; lastKnownFileType = sourcecode.c.objc; path = Photo.m; sourceTree = "<group>"; };
		4A0C402317A1346F00D4C5E1 /* User.h */ = {isa = PBXFileReference; fileEncoding = 4; lastKnownFileType = sourcecode.c.h; path = User.h; sourceTree = "<group>"; };
		4A0C402417A1346F00D4C5E1 /* User.m */ = {isa = PBXFileReference; fileEncoding = 4; lastKnownFileType = sourcecode.c.objc; path = User.m; sourceTree = "<group>"; };
		4A0C402C17A154B700D4C5E1 /* UIApplication+NetworkActivity.h */ = {isa = PBXFileReference; fileEncoding = 4; lastKnownFileType = sourcecode.c.h; path = "UIApplication+NetworkActivity.h"; sourceTree = "<group>"; };
		4A0C402D17A154B700D4C5E1 /* UIApplication+NetworkActivity.m */ = {isa = PBXFileReference; fileEncoding = 4; lastKnownFileType = sourcecode.c.objc; path = "UIApplication+NetworkActivity.m"; sourceTree = "<group>"; };
		4A0C402F17A1769300D4C5E1 /* UserListViewController.h */ = {isa = PBXFileReference; fileEncoding = 4; lastKnownFileType = sourcecode.c.h; path = UserListViewController.h; sourceTree = "<group>"; };
		4A0C403017A1769300D4C5E1 /* UserListViewController.m */ = {isa = PBXFileReference; fileEncoding = 4; lastKnownFileType = sourcecode.c.objc; path = UserListViewController.m; sourceTree = "<group>"; };
		4A0C403217A2733900D4C5E1 /* PullRefreshTableViewController.h */ = {isa = PBXFileReference; fileEncoding = 4; lastKnownFileType = sourcecode.c.h; path = PullRefreshTableViewController.h; sourceTree = "<group>"; };
		4A0C403317A2733900D4C5E1 /* PullRefreshTableViewController.m */ = {isa = PBXFileReference; fileEncoding = 4; lastKnownFileType = sourcecode.c.objc; path = PullRefreshTableViewController.m; sourceTree = "<group>"; };
		4A0C403517A27C5500D4C5E1 /* UserListTVCell.h */ = {isa = PBXFileReference; fileEncoding = 4; lastKnownFileType = sourcecode.c.h; path = UserListTVCell.h; sourceTree = "<group>"; };
		4A0C403617A27C5600D4C5E1 /* UserListTVCell.m */ = {isa = PBXFileReference; fileEncoding = 4; lastKnownFileType = sourcecode.c.objc; path = UserListTVCell.m; sourceTree = "<group>"; };
		4A0C403817A2F83E00D4C5E1 /* accountProtect.png */ = {isa = PBXFileReference; lastKnownFileType = image.png; path = accountProtect.png; sourceTree = "<group>"; };
		4A0C403A17A3C5BD00D4C5E1 /* fanbaicon.png */ = {isa = PBXFileReference; lastKnownFileType = image.png; name = fanbaicon.png; path = ../fanbaicon.png; sourceTree = "<group>"; };
		4A0C403C17A3D36E00D4C5E1 /* TweetComposeViewController.h */ = {isa = PBXFileReference; fileEncoding = 4; lastKnownFileType = sourcecode.c.h; path = TweetComposeViewController.h; sourceTree = "<group>"; };
		4A0C403D17A3D36E00D4C5E1 /* TweetComposeViewController.m */ = {isa = PBXFileReference; fileEncoding = 4; lastKnownFileType = sourcecode.c.objc; path = TweetComposeViewController.m; sourceTree = "<group>"; };
		4A0C403F17A5773600D4C5E1 /* AudioToolbox.framework */ = {isa = PBXFileReference; lastKnownFileType = wrapper.framework; name = AudioToolbox.framework; path = System/Library/Frameworks/AudioToolbox.framework; sourceTree = SDKROOT; };
		4A0C404A17A58D1800D4C5E1 /* MessageUI.framework */ = {isa = PBXFileReference; lastKnownFileType = wrapper.framework; name = MessageUI.framework; path = System/Library/Frameworks/MessageUI.framework; sourceTree = SDKROOT; };
		4A17CF80174A336B009B4C83 /* CFNetwork.framework */ = {isa = PBXFileReference; lastKnownFileType = wrapper.framework; name = CFNetwork.framework; path = System/Library/Frameworks/CFNetwork.framework; sourceTree = SDKROOT; };
		4A17CF82174A3382009B4C83 /* SystemConfiguration.framework */ = {isa = PBXFileReference; lastKnownFileType = wrapper.framework; name = SystemConfiguration.framework; path = System/Library/Frameworks/SystemConfiguration.framework; sourceTree = SDKROOT; };
		4A17CF84174A4CE1009B4C83 /* ImageIO.framework */ = {isa = PBXFileReference; lastKnownFileType = wrapper.framework; name = ImageIO.framework; path = System/Library/Frameworks/ImageIO.framework; sourceTree = SDKROOT; };
		4A17CF87174A4DAB009B4C83 /* RSOAuthEngine.h */ = {isa = PBXFileReference; fileEncoding = 4; lastKnownFileType = sourcecode.c.h; path = RSOAuthEngine.h; sourceTree = "<group>"; };
		4A17CF88174A4DAB009B4C83 /* RSOAuthEngine.m */ = {isa = PBXFileReference; fileEncoding = 4; lastKnownFileType = sourcecode.c.objc; path = RSOAuthEngine.m; sourceTree = "<group>"; };
		4A17CF8A174A4E75009B4C83 /* RSFanFouEngine.h */ = {isa = PBXFileReference; fileEncoding = 4; lastKnownFileType = sourcecode.c.h; path = RSFanFouEngine.h; sourceTree = "<group>"; };
		4A17CF8B174A4E75009B4C83 /* RSFanFouEngine.m */ = {isa = PBXFileReference; fileEncoding = 4; lastKnownFileType = sourcecode.c.objc; path = RSFanFouEngine.m; sourceTree = "<group>"; };
		4A17CF92174A7E66009B4C83 /* WebViewController.h */ = {isa = PBXFileReference; fileEncoding = 4; lastKnownFileType = sourcecode.c.h; path = WebViewController.h; sourceTree = "<group>"; };
		4A17CF93174A7E66009B4C83 /* WebViewController.m */ = {isa = PBXFileReference; fileEncoding = 4; lastKnownFileType = sourcecode.c.objc; path = WebViewController.m; sourceTree = "<group>"; };
		4A17CF98174B4B1E009B4C83 /* CoreDataTableViewController.h */ = {isa = PBXFileReference; fileEncoding = 4; lastKnownFileType = sourcecode.c.h; path = CoreDataTableViewController.h; sourceTree = "<group>"; };
		4A17CF99174B4B1F009B4C83 /* CoreDataTableViewController.m */ = {isa = PBXFileReference; fileEncoding = 4; lastKnownFileType = sourcecode.c.objc; path = CoreDataTableViewController.m; sourceTree = "<group>"; };
		4A17CF9C174B5011009B4C83 /* FanfouDataModel.xcdatamodel */ = {isa = PBXFileReference; lastKnownFileType = wrapper.xcdatamodel; path = FanfouDataModel.xcdatamodel; sourceTree = "<group>"; };
		4A17CFB3174B8950009B4C83 /* CoreData.framework */ = {isa = PBXFileReference; lastKnownFileType = wrapper.framework; name = CoreData.framework; path = System/Library/Frameworks/CoreData.framework; sourceTree = SDKROOT; };
		4A17CFB5174B89E3009B4C83 /* FBCoreData.h */ = {isa = PBXFileReference; fileEncoding = 4; lastKnownFileType = sourcecode.c.h; path = FBCoreData.h; sourceTree = "<group>"; };
		4A17CFB6174B89E4009B4C83 /* FBCoreData.m */ = {isa = PBXFileReference; fileEncoding = 4; lastKnownFileType = sourcecode.c.objc; path = FBCoreData.m; sourceTree = "<group>"; };
		4A17CFB8174BB447009B4C83 /* Status+Create.h */ = {isa = PBXFileReference; fileEncoding = 4; lastKnownFileType = sourcecode.c.h; path = "Status+Create.h"; sourceTree = "<group>"; };
		4A17CFB9174BB447009B4C83 /* Status+Create.m */ = {isa = PBXFileReference; fileEncoding = 4; lastKnownFileType = sourcecode.c.objc; path = "Status+Create.m"; sourceTree = "<group>"; };
		4A17CFBB174CC0A2009B4C83 /* User+Created.h */ = {isa = PBXFileReference; fileEncoding = 4; lastKnownFileType = sourcecode.c.h; path = "User+Created.h"; sourceTree = "<group>"; };
		4A17CFBC174CC0A3009B4C83 /* User+Created.m */ = {isa = PBXFileReference; fileEncoding = 4; lastKnownFileType = sourcecode.c.objc; path = "User+Created.m"; sourceTree = "<group>"; };
		4A17CFBE174CC0B6009B4C83 /* Photo+Created.h */ = {isa = PBXFileReference; fileEncoding = 4; lastKnownFileType = sourcecode.c.h; path = "Photo+Created.h"; sourceTree = "<group>"; };
		4A17CFBF174CC0B7009B4C83 /* Photo+Created.m */ = {isa = PBXFileReference; fileEncoding = 4; lastKnownFileType = sourcecode.c.objc; path = "Photo+Created.m"; sourceTree = "<group>"; };
		4A74083C17AD01260061806F /* cameraImage.png */ = {isa = PBXFileReference; lastKnownFileType = image.png; path = cameraImage.png; sourceTree = "<group>"; };
		4A771079177D899F00E21D13 /* CoreText.framework */ = {isa = PBXFileReference; lastKnownFileType = wrapper.framework; name = CoreText.framework; path = System/Library/Frameworks/CoreText.framework; sourceTree = SDKROOT; };
		4A77107C177D89D300E21D13 /* TTTAttributedLabel.h */ = {isa = PBXFileReference; fileEncoding = 4; lastKnownFileType = sourcecode.c.h; path = TTTAttributedLabel.h; sourceTree = "<group>"; };
		4A77107D177D89D300E21D13 /* TTTAttributedLabel.m */ = {isa = PBXFileReference; fileEncoding = 4; lastKnownFileType = sourcecode.c.objc; path = TTTAttributedLabel.m; sourceTree = "<group>"; };
		4A77107F177D8AA900E21D13 /* AttributedTVCell.h */ = {isa = PBXFileReference; fileEncoding = 4; lastKnownFileType = sourcecode.c.h; path = AttributedTVCell.h; sourceTree = "<group>"; };
		4A771080177D8AAA00E21D13 /* AttributedTVCell.m */ = {isa = PBXFileReference; fileEncoding = 4; lastKnownFileType = sourcecode.c.objc; path = AttributedTVCell.m; sourceTree = "<group>"; };
		4A7710821780344300E21D13 /* TTTQuadrantControl.m */ = {isa = PBXFileReference; fileEncoding = 4; lastKnownFileType = sourcecode.c.objc; path = TTTQuadrantControl.m; sourceTree = "<group>"; };
		4A7710831780344300E21D13 /* TTTQuadrantControl.h */ = {isa = PBXFileReference; fileEncoding = 4; lastKnownFileType = sourcecode.c.h; path = TTTQuadrantControl.h; sourceTree = "<group>"; };
		4A7710851780349900E21D13 /* UserProfileViewController.h */ = {isa = PBXFileReference; fileEncoding = 4; lastKnownFileType = sourcecode.c.h; path = UserProfileViewController.h; sourceTree = "<group>"; };
		4A7710861780349900E21D13 /* UserProfileViewController.m */ = {isa = PBXFileReference; fileEncoding = 4; lastKnownFileType = sourcecode.c.objc; path = UserProfileViewController.m; sourceTree = "<group>"; };
		4AAE8FB1174E9EF100018D2E /* DemoViewCDTVC.h */ = {isa = PBXFileReference; fileEncoding = 4; lastKnownFileType = sourcecode.c.h; path = DemoViewCDTVC.h; sourceTree = "<group>"; };
		4AAE8FB2174E9EF100018D2E /* DemoViewCDTVC.m */ = {isa = PBXFileReference; fileEncoding = 4; lastKnownFileType = sourcecode.c.objc; path = DemoViewCDTVC.m; sourceTree = "<group>"; };
		4AAE8FB917509A1B00018D2E /* FBLoginViewController.h */ = {isa = PBXFileReference; fileEncoding = 4; lastKnownFileType = sourcecode.c.h; path = FBLoginViewController.h; sourceTree = "<group>"; };
		4AAE8FBA17509A1B00018D2E /* FBLoginViewController.m */ = {isa = PBXFileReference; fileEncoding = 4; lastKnownFileType = sourcecode.c.objc; path = FBLoginViewController.m; sourceTree = "<group>"; };
		4AB0D8D217545730004FC18D /* FBAccountViewController.h */ = {isa = PBXFileReference; fileEncoding = 4; lastKnownFileType = sourcecode.c.h; path = FBAccountViewController.h; sourceTree = "<group>"; };
		4AB0D8D317545730004FC18D /* FBAccountViewController.m */ = {isa = PBXFileReference; fileEncoding = 4; lastKnownFileType = sourcecode.c.objc; path = FBAccountViewController.m; sourceTree = "<group>"; };
		4AB0D90B1754BFBA004FC18D /* QuartzCore.framework */ = {isa = PBXFileReference; lastKnownFileType = wrapper.framework; name = QuartzCore.framework; path = System/Library/Frameworks/QuartzCore.framework; sourceTree = SDKROOT; };
		4AB0D90D175882AA004FC18D /* UsersWithStatusCountCDTVC.h */ = {isa = PBXFileReference; fileEncoding = 4; lastKnownFileType = sourcecode.c.h; path = UsersWithStatusCountCDTVC.h; sourceTree = "<group>"; };
		4AB0D90E175882AA004FC18D /* UsersWithStatusCountCDTVC.m */ = {isa = PBXFileReference; fileEncoding = 4; lastKnownFileType = sourcecode.c.objc; path = UsersWithStatusCountCDTVC.m; sourceTree = "<group>"; };
		4AB0D9101758A6DB004FC18D /* UserWithStatusCountTVCell.h */ = {isa = PBXFileReference; fileEncoding = 4; lastKnownFileType = sourcecode.c.h; path = UserWithStatusCountTVCell.h; sourceTree = "<group>"; };
		4AB0D9111758A6DB004FC18D /* UserWithStatusCountTVCell.m */ = {isa = PBXFileReference; fileEncoding = 4; lastKnownFileType = sourcecode.c.objc; path = UserWithStatusCountTVCell.m; sourceTree = "<group>"; };
		4AB0D913175DE475004FC18D /* UserStatusesCDTVC.h */ = {isa = PBXFileReference; fileEncoding = 4; lastKnownFileType = sourcecode.c.h; path = UserStatusesCDTVC.h; sourceTree = "<group>"; };
		4AB0D914175DE475004FC18D /* UserStatusesCDTVC.m */ = {isa = PBXFileReference; fileEncoding = 4; lastKnownFileType = sourcecode.c.objc; path = UserStatusesCDTVC.m; sourceTree = "<group>"; };
		4AB0D91F175DEC4F004FC18D /* StatusTVCell.h */ = {isa = PBXFileReference; fileEncoding = 4; lastKnownFileType = sourcecode.c.h; path = StatusTVCell.h; sourceTree = "<group>"; };
		4AB0D920175DEC4F004FC18D /* StatusTVCell.m */ = {isa = PBXFileReference; fileEncoding = 4; lastKnownFileType = sourcecode.c.objc; path = StatusTVCell.m; sourceTree = "<group>"; };
		4ABDA79917757DA700E3FF3B /* text-list.png */ = {isa = PBXFileReference; lastKnownFileType = image.png; path = "text-list.png"; sourceTree = "<group>"; };
		4ABDA79D1775842800E3FF3B /* message.png */ = {isa = PBXFileReference; lastKnownFileType = image.png; path = message.png; sourceTree = "<group>"; };
		4ABDA79F177586E700E3FF3B /* PublicTimeLineViewController.h */ = {isa = PBXFileReference; fileEncoding = 4; lastKnownFileType = sourcecode.c.h; path = PublicTimeLineViewController.h; sourceTree = "<group>"; };
		4ABDA7A0177586E700E3FF3B /* PublicTimeLineViewController.m */ = {isa = PBXFileReference; fileEncoding = 4; lastKnownFileType = sourcecode.c.objc; path = PublicTimeLineViewController.m; sourceTree = "<group>"; };
		4ABDA7A41775DC0200E3FF3B /* message@2x.png */ = {isa = PBXFileReference; lastKnownFileType = image.png; path = "message@2x.png"; sourceTree = "<group>"; };
		4ABE8E1217A9988A00B866F3 /* HomeLineTVCell.h */ = {isa = PBXFileReference; fileEncoding = 4; lastKnownFileType = sourcecode.c.h; path = HomeLineTVCell.h; sourceTree = "<group>"; };
		4ABE8E1317A9988A00B866F3 /* HomeLineTVCell.m */ = {isa = PBXFileReference; fileEncoding = 4; lastKnownFileType = sourcecode.c.objc; path = HomeLineTVCell.m; sourceTree = "<group>"; };
		4ABE8E1517A99D8A00B866F3 /* timeline.png */ = {isa = PBXFileReference; lastKnownFileType = image.png; path = timeline.png; sourceTree = "<group>"; };
		4ABE8E1717A99D9100B866F3 /* timeline@2x.png */ = {isa = PBXFileReference; lastKnownFileType = image.png; path = "timeline@2x.png"; sourceTree = "<group>"; };
		4ACB3F35174CE60600809702 /* HomeLineCDTV.h */ = {isa = PBXFileReference; fileEncoding = 4; lastKnownFileType = sourcecode.c.h; path = HomeLineCDTV.h; sourceTree = "<group>"; };
		4ACB3F36174CE60600809702 /* HomeLineCDTV.m */ = {isa = PBXFileReference; fileEncoding = 4; lastKnownFileType = sourcecode.c.objc; path = HomeLineCDTV.m; sourceTree = "<group>"; };
		5A603C20F75E4CADA1E3A378 /* Pods.xcconfig */ = {isa = PBXFileReference; includeInIndex = 1; lastKnownFileType = text.xcconfig; name = Pods.xcconfig; path = Pods/Pods.xcconfig; sourceTree = "<group>"; };
/* End PBXFileReference section */

/* Begin PBXFrameworksBuildPhase section */
		4A022DF0173FEDF50098B317 /* Frameworks */ = {
			isa = PBXFrameworksBuildPhase;
			buildActionMask = 2147483647;
			files = (
				4A0C404B17A58D1800D4C5E1 /* MessageUI.framework in Frameworks */,
				4A0C404017A5773600D4C5E1 /* AudioToolbox.framework in Frameworks */,
				4A77107A177D899F00E21D13 /* CoreText.framework in Frameworks */,
				4AB0D90C1754BFBA004FC18D /* QuartzCore.framework in Frameworks */,
				4A17CFB4174B8951009B4C83 /* CoreData.framework in Frameworks */,
				4A17CF85174A4CE1009B4C83 /* ImageIO.framework in Frameworks */,
				4A17CF83174A3382009B4C83 /* SystemConfiguration.framework in Frameworks */,
				4A17CF81174A336B009B4C83 /* CFNetwork.framework in Frameworks */,
				4A022E371742C9F20098B317 /* Security.framework in Frameworks */,
				4A022DF7173FEDF50098B317 /* UIKit.framework in Frameworks */,
				4A022DF9173FEDF50098B317 /* Foundation.framework in Frameworks */,
				4A022DFB173FEDF50098B317 /* CoreGraphics.framework in Frameworks */,
				CDA4877006A3441CB7B25818 /* libPods.a in Frameworks */,
			);
			runOnlyForDeploymentPostprocessing = 0;
		};
/* End PBXFrameworksBuildPhase section */

/* Begin PBXGroup section */
		4A022DEA173FEDF50098B317 = {
			isa = PBXGroup;
			children = (
				4A022DFC173FEDF50098B317 /* FanBa */,
				4A022DF5173FEDF50098B317 /* Frameworks */,
				4A022DF4173FEDF50098B317 /* Products */,
				5A603C20F75E4CADA1E3A378 /* Pods.xcconfig */,
			);
			sourceTree = "<group>";
		};
		4A022DF4173FEDF50098B317 /* Products */ = {
			isa = PBXGroup;
			children = (
				4A022DF3173FEDF50098B317 /* FanBa.app */,
			);
			name = Products;
			sourceTree = "<group>";
		};
		4A022DF5173FEDF50098B317 /* Frameworks */ = {
			isa = PBXGroup;
			children = (
				4A0C404A17A58D1800D4C5E1 /* MessageUI.framework */,
				4A0C403F17A5773600D4C5E1 /* AudioToolbox.framework */,
				4A771079177D899F00E21D13 /* CoreText.framework */,
				4AB0D90B1754BFBA004FC18D /* QuartzCore.framework */,
				4A17CFB3174B8950009B4C83 /* CoreData.framework */,
				4A17CF84174A4CE1009B4C83 /* ImageIO.framework */,
				4A17CF82174A3382009B4C83 /* SystemConfiguration.framework */,
				4A17CF80174A336B009B4C83 /* CFNetwork.framework */,
				4A022E361742C9F20098B317 /* Security.framework */,
				4A022DF6173FEDF50098B317 /* UIKit.framework */,
				4A022DF8173FEDF50098B317 /* Foundation.framework */,
				4A022DFA173FEDF50098B317 /* CoreGraphics.framework */,
				0BD1DA44B39E4507B440BB2C /* libPods.a */,
			);
			name = Frameworks;
			sourceTree = "<group>";
		};
		4A022DFC173FEDF50098B317 /* FanBa */ = {
			isa = PBXGroup;
			children = (
				4A17CF9B174B5011009B4C83 /* FanfouDataModel.xcdatamodeld */,
				4A022E0E173FEDF60098B317 /* MainStoryboard.storyboard */,
				4AAE8FB4174F57E700018D2E /* Model */,
				4ABDA798177579E000E3FF3B /* View */,
				4AAE8FB5174F58D400018D2E /* Controller */,
				4A17CF8D174A4E7A009B4C83 /* FanFou Demo */,
				4A022DFD173FEDF50098B317 /* Supporting Files */,
			);
			path = FanBa;
			sourceTree = "<group>";
		};
		4A022DFD173FEDF50098B317 /* Supporting Files */ = {
			isa = PBXGroup;
			children = (
				4A0C403217A2733900D4C5E1 /* PullRefreshTableViewController.h */,
				4A0C403317A2733900D4C5E1 /* PullRefreshTableViewController.m */,
				4A0C402C17A154B700D4C5E1 /* UIApplication+NetworkActivity.h */,
				4A0C402D17A154B700D4C5E1 /* UIApplication+NetworkActivity.m */,
				4A0C400A17A0D16D00D4C5E1 /* Custom Image */,
				4A17CF86174A4DAA009B4C83 /* RSOAuthEngine */,
				4A022E05173FEDF50098B317 /* FBAppDelegate.h */,
				4A022E06173FEDF60098B317 /* FBAppDelegate.m */,
				4A022DFE173FEDF50098B317 /* FanBa-Info.plist */,
				4A022DFF173FEDF50098B317 /* InfoPlist.strings */,
				4A022E02173FEDF50098B317 /* main.m */,
				4A022E04173FEDF50098B317 /* FanBa-Prefix.pch */,
				4A022E08173FEDF60098B317 /* Default.png */,
				4A022E0A173FEDF60098B317 /* Default@2x.png */,
				4A022E0C173FEDF60098B317 /* Default-568h@2x.png */,
			);
			name = "Supporting Files";
			sourceTree = "<group>";
		};
		4A0C400A17A0D16D00D4C5E1 /* Custom Image */ = {
			isa = PBXGroup;
			children = (
				4A74083C17AD01260061806F /* cameraImage.png */,
				4ABE8E1517A99D8A00B866F3 /* timeline.png */,
				4ABE8E1717A99D9100B866F3 /* timeline@2x.png */,
				4A0C403A17A3C5BD00D4C5E1 /* fanbaicon.png */,
				4A0C403817A2F83E00D4C5E1 /* accountProtect.png */,
				4A0C400817A0D15F00D4C5E1 /* defaultThumbnail.png */,
				4ABDA79917757DA700E3FF3B /* text-list.png */,
				4ABDA7A41775DC0200E3FF3B /* message@2x.png */,
				4ABDA79D1775842800E3FF3B /* message.png */,
			);
			name = "Custom Image";
			sourceTree = "<group>";
		};
		4A17CF86174A4DAA009B4C83 /* RSOAuthEngine */ = {
			isa = PBXGroup;
			children = (
				4A17CF87174A4DAB009B4C83 /* RSOAuthEngine.h */,
				4A17CF88174A4DAB009B4C83 /* RSOAuthEngine.m */,
			);
			path = RSOAuthEngine;
			sourceTree = "<group>";
		};
		4A17CF8D174A4E7A009B4C83 /* FanFou Demo */ = {
			isa = PBXGroup;
			children = (
				4AAE8FB1174E9EF100018D2E /* DemoViewCDTVC.h */,
				4AAE8FB2174E9EF100018D2E /* DemoViewCDTVC.m */,
				4A17CF92174A7E66009B4C83 /* WebViewController.h */,
				4A17CF93174A7E66009B4C83 /* WebViewController.m */,
			);
			name = "FanFou Demo";
			sourceTree = "<group>";
		};
		4A17CF8E174A7274009B4C83 /* FanFou */ = {
			isa = PBXGroup;
			children = (
				4A17CF8A174A4E75009B4C83 /* RSFanFouEngine.h */,
				4A17CF8B174A4E75009B4C83 /* RSFanFouEngine.m */,
			);
			name = FanFou;
			sourceTree = "<group>";
		};
		4A77107B177D89D300E21D13 /* TTTAttributedLabel */ = {
			isa = PBXGroup;
			children = (
				4A77107C177D89D300E21D13 /* TTTAttributedLabel.h */,
				4A77107D177D89D300E21D13 /* TTTAttributedLabel.m */,
			);
			path = TTTAttributedLabel;
			sourceTree = "<group>";
		};
		4AAE8FB4174F57E700018D2E /* Model */ = {
			isa = PBXGroup;
			children = (
				4A0C402317A1346F00D4C5E1 /* User.h */,
				4A0C402417A1346F00D4C5E1 /* User.m */,
				4A0C402017A1346E00D4C5E1 /* Photo.h */,
				4A0C402117A1346E00D4C5E1 /* Photo.m */,
				4A0C401D17A1346D00D4C5E1 /* Status.h */,
				4A0C401E17A1346D00D4C5E1 /* Status.m */,
				4A17CFB5174B89E3009B4C83 /* FBCoreData.h */,
				4A17CFB6174B89E4009B4C83 /* FBCoreData.m */,
				4A17CFB8174BB447009B4C83 /* Status+Create.h */,
				4A17CFB9174BB447009B4C83 /* Status+Create.m */,
				4A17CFBB174CC0A2009B4C83 /* User+Created.h */,
				4A17CFBC174CC0A3009B4C83 /* User+Created.m */,
				4A17CFBE174CC0B6009B4C83 /* Photo+Created.h */,
				4A17CFBF174CC0B7009B4C83 /* Photo+Created.m */,
				4A17CF8E174A7274009B4C83 /* FanFou */,
			);
			name = Model;
			sourceTree = "<group>";
		};
		4AAE8FB5174F58D400018D2E /* Controller */ = {
			isa = PBXGroup;
			children = (
				4A0C402F17A1769300D4C5E1 /* UserListViewController.h */,
				4A0C403017A1769300D4C5E1 /* UserListViewController.m */,
				4A7710851780349900E21D13 /* UserProfileViewController.h */,
				4A7710861780349900E21D13 /* UserProfileViewController.m */,
				4ACB3F35174CE60600809702 /* HomeLineCDTV.h */,
				4ACB3F36174CE60600809702 /* HomeLineCDTV.m */,
				4A17CF98174B4B1E009B4C83 /* CoreDataTableViewController.h */,
				4A17CF99174B4B1F009B4C83 /* CoreDataTableViewController.m */,
				4AAE8FB917509A1B00018D2E /* FBLoginViewController.h */,
				4AAE8FBA17509A1B00018D2E /* FBLoginViewController.m */,
				4AB0D8D217545730004FC18D /* FBAccountViewController.h */,
				4AB0D8D317545730004FC18D /* FBAccountViewController.m */,
				4AB0D90D175882AA004FC18D /* UsersWithStatusCountCDTVC.h */,
				4AB0D90E175882AA004FC18D /* UsersWithStatusCountCDTVC.m */,
				4A0C403C17A3D36E00D4C5E1 /* TweetComposeViewController.h */,
				4A0C403D17A3D36E00D4C5E1 /* TweetComposeViewController.m */,
				4ABDA79F177586E700E3FF3B /* PublicTimeLineViewController.h */,
				4ABDA7A0177586E700E3FF3B /* PublicTimeLineViewController.m */,
				4AB0D913175DE475004FC18D /* UserStatusesCDTVC.h */,
				4AB0D914175DE475004FC18D /* UserStatusesCDTVC.m */,
			);
			name = Controller;
			sourceTree = "<group>";
		};
		4ABDA798177579E000E3FF3B /* View */ = {
			isa = PBXGroup;
			children = (
				4A77107B177D89D300E21D13 /* TTTAttributedLabel */,
				4AB0D9101758A6DB004FC18D /* UserWithStatusCountTVCell.h */,
				4AB0D9111758A6DB004FC18D /* UserWithStatusCountTVCell.m */,
				4AB0D91F175DEC4F004FC18D /* StatusTVCell.h */,
				4AB0D920175DEC4F004FC18D /* StatusTVCell.m */,
				4A77107F177D8AA900E21D13 /* AttributedTVCell.h */,
				4A771080177D8AAA00E21D13 /* AttributedTVCell.m */,
				4A0C403517A27C5500D4C5E1 /* UserListTVCell.h */,
				4A0C403617A27C5600D4C5E1 /* UserListTVCell.m */,
				4ABE8E1217A9988A00B866F3 /* HomeLineTVCell.h */,
				4ABE8E1317A9988A00B866F3 /* HomeLineTVCell.m */,
				4A7710831780344300E21D13 /* TTTQuadrantControl.h */,
				4A7710821780344300E21D13 /* TTTQuadrantControl.m */,
			);
			name = View;
			sourceTree = "<group>";
		};
/* End PBXGroup section */

/* Begin PBXNativeTarget section */
		4A022DF2173FEDF50098B317 /* FanBa */ = {
			isa = PBXNativeTarget;
			buildConfigurationList = 4A022E16173FEDF60098B317 /* Build configuration list for PBXNativeTarget "FanBa" */;
			buildPhases = (
				A33346DC24334FEBAB0C0405 /* Check Pods Manifest.lock */,
				4A022DEF173FEDF50098B317 /* Sources */,
				4A022DF0173FEDF50098B317 /* Frameworks */,
				4A022DF1173FEDF50098B317 /* Resources */,
				5865279F795A4AE7BAF78B30 /* Copy Pods Resources */,
			);
			buildRules = (
			);
			dependencies = (
			);
			name = FanBa;
			productName = FanBa;
			productReference = 4A022DF3173FEDF50098B317 /* FanBa.app */;
			productType = "com.apple.product-type.application";
		};
/* End PBXNativeTarget section */

/* Begin PBXProject section */
		4A022DEB173FEDF50098B317 /* Project object */ = {
			isa = PBXProject;
			attributes = {
				CLASSPREFIX = FB;
				LastUpgradeCheck = 0460;
				ORGANIZATIONNAME = nevercry;
			};
			buildConfigurationList = 4A022DEE173FEDF50098B317 /* Build configuration list for PBXProject "FanBa" */;
			compatibilityVersion = "Xcode 3.2";
			developmentRegion = English;
			hasScannedForEncodings = 0;
			knownRegions = (
				en,
			);
			mainGroup = 4A022DEA173FEDF50098B317;
			productRefGroup = 4A022DF4173FEDF50098B317 /* Products */;
			projectDirPath = "";
			projectRoot = "";
			targets = (
				4A022DF2173FEDF50098B317 /* FanBa */,
			);
		};
/* End PBXProject section */

/* Begin PBXResourcesBuildPhase section */
		4A022DF1173FEDF50098B317 /* Resources */ = {
			isa = PBXResourcesBuildPhase;
			buildActionMask = 2147483647;
			files = (
				4A022E01173FEDF50098B317 /* InfoPlist.strings in Resources */,
				4A022E09173FEDF60098B317 /* Default.png in Resources */,
				4A022E0B173FEDF60098B317 /* Default@2x.png in Resources */,
				4A022E0D173FEDF60098B317 /* Default-568h@2x.png in Resources */,
				4A022E10173FEDF60098B317 /* MainStoryboard.storyboard in Resources */,
				4ABDA79A17757DA700E3FF3B /* text-list.png in Resources */,
				4ABDA79E1775842800E3FF3B /* message.png in Resources */,
				4ABDA7A51775DC0200E3FF3B /* message@2x.png in Resources */,
				4A0C400917A0D16000D4C5E1 /* defaultThumbnail.png in Resources */,
				4A0C403917A2F83E00D4C5E1 /* accountProtect.png in Resources */,
				4A0C403B17A3C5BD00D4C5E1 /* fanbaicon.png in Resources */,
				4ABE8E1617A99D8A00B866F3 /* timeline.png in Resources */,
				4A74083D17AD01260061806F /* cameraImage.png in Resources */,
				4ABE8E1817A99D9100B866F3 /* timeline@2x.png in Resources */,
			);
			runOnlyForDeploymentPostprocessing = 0;
		};
/* End PBXResourcesBuildPhase section */

/* Begin PBXShellScriptBuildPhase section */
		5865279F795A4AE7BAF78B30 /* Copy Pods Resources */ = {
			isa = PBXShellScriptBuildPhase;
			buildActionMask = 2147483647;
			files = (
			);
			inputPaths = (
			);
			name = "Copy Pods Resources";
			outputPaths = (
			);
			runOnlyForDeploymentPostprocessing = 0;
			shellPath = /bin/sh;
			shellScript = "\"${SRCROOT}/Pods/Pods-resources.sh\"\n";
			showEnvVarsInLog = 0;
		};
		A33346DC24334FEBAB0C0405 /* Check Pods Manifest.lock */ = {
			isa = PBXShellScriptBuildPhase;
			buildActionMask = 2147483647;
			files = (
			);
			inputPaths = (
			);
			name = "Check Pods Manifest.lock";
			outputPaths = (
			);
			runOnlyForDeploymentPostprocessing = 0;
			shellPath = /bin/sh;
			shellScript = "diff \"${PODS_ROOT}/../Podfile.lock\" \"${PODS_ROOT}/Manifest.lock\" > /dev/null\nif [[ $? != 0 ]] ; then\n    cat << EOM\nerror: The sandbox is not in sync with the Podfile.lock. Run 'pod install' or update your CocoaPods installation.\nEOM\n    exit 1\nfi\n";
			showEnvVarsInLog = 0;
		};
/* End PBXShellScriptBuildPhase section */

/* Begin PBXSourcesBuildPhase section */
		4A022DEF173FEDF50098B317 /* Sources */ = {
			isa = PBXSourcesBuildPhase;
			buildActionMask = 2147483647;
			files = (
				4A022E03173FEDF50098B317 /* main.m in Sources */,
				4A022E07173FEDF60098B317 /* FBAppDelegate.m in Sources */,
				4A17CF89174A4DAB009B4C83 /* RSOAuthEngine.m in Sources */,
				4A17CF8C174A4E75009B4C83 /* RSFanFouEngine.m in Sources */,
				4A17CF94174A7E66009B4C83 /* WebViewController.m in Sources */,
				4A17CF9A174B4B21009B4C83 /* CoreDataTableViewController.m in Sources */,
				4A17CF9D174B5011009B4C83 /* FanfouDataModel.xcdatamodeld in Sources */,
				4A17CFB7174B89E4009B4C83 /* FBCoreData.m in Sources */,
				4A17CFBA174BB448009B4C83 /* Status+Create.m in Sources */,
				4A17CFBD174CC0A4009B4C83 /* User+Created.m in Sources */,
				4A17CFC0174CC0B8009B4C83 /* Photo+Created.m in Sources */,
				4ACB3F37174CE60600809702 /* HomeLineCDTV.m in Sources */,
				4AAE8FB3174E9EF200018D2E /* DemoViewCDTVC.m in Sources */,
				4AAE8FBB17509A1B00018D2E /* FBLoginViewController.m in Sources */,
				4AB0D8D417545730004FC18D /* FBAccountViewController.m in Sources */,
				4AB0D90F175882AA004FC18D /* UsersWithStatusCountCDTVC.m in Sources */,
				4AB0D9121758A6DB004FC18D /* UserWithStatusCountTVCell.m in Sources */,
				4AB0D915175DE476004FC18D /* UserStatusesCDTVC.m in Sources */,
				4AB0D921175DEC4F004FC18D /* StatusTVCell.m in Sources */,
				4ABDA7A1177586E700E3FF3B /* PublicTimeLineViewController.m in Sources */,
				4A77107E177D89D300E21D13 /* TTTAttributedLabel.m in Sources */,
				4A771081177D8AAA00E21D13 /* AttributedTVCell.m in Sources */,
				4A7710841780344400E21D13 /* TTTQuadrantControl.m in Sources */,
				4A7710871780349900E21D13 /* UserProfileViewController.m in Sources */,
				4A0C401F17A1346D00D4C5E1 /* Status.m in Sources */,
				4A0C402217A1346F00D4C5E1 /* Photo.m in Sources */,
				4A0C402517A1346F00D4C5E1 /* User.m in Sources */,
				4A0C402E17A154B700D4C5E1 /* UIApplication+NetworkActivity.m in Sources */,
				4A0C403117A1769400D4C5E1 /* UserListViewController.m in Sources */,
				4A0C403417A2733A00D4C5E1 /* PullRefreshTableViewController.m in Sources */,
				4A0C403717A27C5600D4C5E1 /* UserListTVCell.m in Sources */,
				4A0C403E17A3D36E00D4C5E1 /* TweetComposeViewController.m in Sources */,
				4ABE8E1417A9988A00B866F3 /* HomeLineTVCell.m in Sources */,
			);
			runOnlyForDeploymentPostprocessing = 0;
		};
/* End PBXSourcesBuildPhase section */

/* Begin PBXVariantGroup section */
		4A022DFF173FEDF50098B317 /* InfoPlist.strings */ = {
			isa = PBXVariantGroup;
			children = (
				4A022E00173FEDF50098B317 /* en */,
			);
			name = InfoPlist.strings;
			sourceTree = "<group>";
		};
		4A022E0E173FEDF60098B317 /* MainStoryboard.storyboard */ = {
			isa = PBXVariantGroup;
			children = (
				4A022E0F173FEDF60098B317 /* en */,
			);
			name = MainStoryboard.storyboard;
			sourceTree = "<group>";
		};
/* End PBXVariantGroup section */

/* Begin XCBuildConfiguration section */
		4A022E14173FEDF60098B317 /* Debug */ = {
			isa = XCBuildConfiguration;
			buildSettings = {
				ALWAYS_SEARCH_USER_PATHS = NO;
				CLANG_CXX_LANGUAGE_STANDARD = "gnu++0x";
				CLANG_CXX_LIBRARY = "libc++";
				CLANG_ENABLE_OBJC_ARC = YES;
				CLANG_WARN_CONSTANT_CONVERSION = YES;
				CLANG_WARN_EMPTY_BODY = YES;
				CLANG_WARN_ENUM_CONVERSION = YES;
				CLANG_WARN_INT_CONVERSION = YES;
				CLANG_WARN__DUPLICATE_METHOD_MATCH = YES;
				"CODE_SIGN_IDENTITY[sdk=iphoneos*]" = "iPhone Developer";
				COPY_PHASE_STRIP = NO;
				GCC_C_LANGUAGE_STANDARD = gnu99;
				GCC_DYNAMIC_NO_PIC = NO;
				GCC_OPTIMIZATION_LEVEL = 0;
				GCC_PREPROCESSOR_DEFINITIONS = (
					"DEBUG=1",
					"$(inherited)",
				);
				GCC_SYMBOLS_PRIVATE_EXTERN = NO;
				GCC_WARN_ABOUT_RETURN_TYPE = YES;
				GCC_WARN_UNINITIALIZED_AUTOS = YES;
				GCC_WARN_UNUSED_VARIABLE = YES;
				HEADER_SEARCH_PATHS = /usr/include/libxml2;
				IPHONEOS_DEPLOYMENT_TARGET = 7.1;
				ONLY_ACTIVE_ARCH = YES;
				SDKROOT = iphoneos;
			};
			name = Debug;
		};
		4A022E15173FEDF60098B317 /* Release */ = {
			isa = XCBuildConfiguration;
			buildSettings = {
				ALWAYS_SEARCH_USER_PATHS = NO;
				CLANG_CXX_LANGUAGE_STANDARD = "gnu++0x";
				CLANG_CXX_LIBRARY = "libc++";
				CLANG_ENABLE_OBJC_ARC = YES;
				CLANG_WARN_CONSTANT_CONVERSION = YES;
				CLANG_WARN_EMPTY_BODY = YES;
				CLANG_WARN_ENUM_CONVERSION = YES;
				CLANG_WARN_INT_CONVERSION = YES;
				CLANG_WARN__DUPLICATE_METHOD_MATCH = YES;
				"CODE_SIGN_IDENTITY[sdk=iphoneos*]" = "iPhone Developer";
				COPY_PHASE_STRIP = YES;
				GCC_C_LANGUAGE_STANDARD = gnu99;
				GCC_WARN_ABOUT_RETURN_TYPE = YES;
				GCC_WARN_UNINITIALIZED_AUTOS = YES;
				GCC_WARN_UNUSED_VARIABLE = YES;
				HEADER_SEARCH_PATHS = /usr/include/libxml2;
				IPHONEOS_DEPLOYMENT_TARGET = 7.1;
				OTHER_CFLAGS = "-DNS_BLOCK_ASSERTIONS=1";
				SDKROOT = iphoneos;
				VALIDATE_PRODUCT = YES;
			};
			name = Release;
		};
		4A022E17173FEDF60098B317 /* Debug */ = {
			isa = XCBuildConfiguration;
			baseConfigurationReference = 5A603C20F75E4CADA1E3A378 /* Pods.xcconfig */;
			buildSettings = {
				GCC_PRECOMPILE_PREFIX_HEADER = YES;
				GCC_PREFIX_HEADER = "FanBa/FanBa-Prefix.pch";
				INFOPLIST_FILE = "FanBa/FanBa-Info.plist";
				IPHONEOS_DEPLOYMENT_TARGET = 7.1;
				LIBRARY_SEARCH_PATHS = (
					"$(inherited)",
					"\"$(SDKROOT)/usr/lib/system\"",
				);
				PRODUCT_NAME = "$(TARGET_NAME)";
				WRAPPER_EXTENSION = app;
			};
			name = Debug;
		};
		4A022E18173FEDF60098B317 /* Release */ = {
			isa = XCBuildConfiguration;
			baseConfigurationReference = 5A603C20F75E4CADA1E3A378 /* Pods.xcconfig */;
			buildSettings = {
				GCC_PRECOMPILE_PREFIX_HEADER = YES;
				GCC_PREFIX_HEADER = "FanBa/FanBa-Prefix.pch";
				INFOPLIST_FILE = "FanBa/FanBa-Info.plist";
				IPHONEOS_DEPLOYMENT_TARGET = 7.1;
				LIBRARY_SEARCH_PATHS = (
					"$(inherited)",
					"\"$(SDKROOT)/usr/lib/system\"",
				);
				PRODUCT_NAME = "$(TARGET_NAME)";
				WRAPPER_EXTENSION = app;
			};
			name = Release;
		};
/* End XCBuildConfiguration section */

/* Begin XCConfigurationList section */
		4A022DEE173FEDF50098B317 /* Build configuration list for PBXProject "FanBa" */ = {
			isa = XCConfigurationList;
			buildConfigurations = (
				4A022E14173FEDF60098B317 /* Debug */,
				4A022E15173FEDF60098B317 /* Release */,
			);
			defaultConfigurationIsVisible = 0;
			defaultConfigurationName = Release;
		};
		4A022E16173FEDF60098B317 /* Build configuration list for PBXNativeTarget "FanBa" */ = {
			isa = XCConfigurationList;
			buildConfigurations = (
				4A022E17173FEDF60098B317 /* Debug */,
				4A022E18173FEDF60098B317 /* Release */,
			);
			defaultConfigurationIsVisible = 0;
			defaultConfigurationName = Release;
		};
/* End XCConfigurationList section */

/* Begin XCVersionGroup section */
		4A17CF9B174B5011009B4C83 /* FanfouDataModel.xcdatamodeld */ = {
			isa = XCVersionGroup;
			children = (
				4A17CF9C174B5011009B4C83 /* FanfouDataModel.xcdatamodel */,
			);
			currentVersion = 4A17CF9C174B5011009B4C83 /* FanfouDataModel.xcdatamodel */;
			path = FanfouDataModel.xcdatamodeld;
			sourceTree = "<group>";
			versionGroupType = wrapper.xcdatamodel;
		};
/* End XCVersionGroup section */
	};
	rootObject = 4A022DEB173FEDF50098B317 /* Project object */;
}
